
Microsoft Visual Studio Solution File, Format Version 12.00
# Visual Studio Version 16
VisualStudioVersion = 16.0.29123.88
MinimumVisualStudioVersion = 10.0.40219.1
Project("{FAE04EC0-301F-11D3-BF4B-00C04F79EFBC}") = "ProyectoFerreteria", "ProyectoFerreteria\ProyectoFerreteria.csproj", "{9BB47809-057B-40EB-A213-4A4F36FBDF7C}"
EndProject
Project("{FAE04EC0-301F-11D3-BF4B-00C04F79EFBC}") = "BLL", "BLL\BLL.csproj", "{76D35ADB-69C1-485F-A371-F59047F0BBF2}"
EndProject
Project("{FAE04EC0-301F-11D3-BF4B-00C04F79EFBC}") = "DAL", "DAL\DAL.csproj", "{B4110BEA-BC21-4677-94D2-4D57D8A33CBC}"
EndProject
Project("{FAE04EC0-301F-11D3-BF4B-00C04F79EFBC}") = "Entities", "Entities\Entities.csproj", "{8DA41594-39A7-464F-BE62-CBFC7A33AA77}"
EndProject
Project("{FAE04EC0-301F-11D3-BF4B-00C04F79EFBC}") = "BLLTests1", "BLLTests1\BLLTests1.csproj", "{0D22C396-5A8F-4459-8469-EBE4F65E1B62}"
EndProject
Global
	GlobalSection(SolutionConfigurationPlatforms) = preSolution
		Debug|Any CPU = Debug|Any CPU
		Release|Any CPU = Release|Any CPU
	EndGlobalSection
	GlobalSection(ProjectConfigurationPlatforms) = postSolution
		{9BB47809-057B-40EB-A213-4A4F36FBDF7C}.Debug|Any CPU.ActiveCfg = Debug|Any CPU
		{9BB47809-057B-40EB-A213-4A4F36FBDF7C}.Debug|Any CPU.Build.0 = Debug|Any CPU
		{9BB47809-057B-40EB-A213-4A4F36FBDF7C}.Release|Any CPU.ActiveCfg = Release|Any CPU
		{9BB47809-057B-40EB-A213-4A4F36FBDF7C}.Release|Any CPU.Build.0 = Release|Any CPU
		{76D35ADB-69C1-485F-A371-F59047F0BBF2}.Debug|Any CPU.ActiveCfg = Debug|Any CPU
		{76D35ADB-69C1-485F-A371-F59047F0BBF2}.Debug|Any CPU.Build.0 = Debug|Any CPU
		{76D35ADB-69C1-485F-A371-F59047F0BBF2}.Release|Any CPU.ActiveCfg = Release|Any CPU
		{76D35ADB-69C1-485F-A371-F59047F0BBF2}.Release|Any CPU.Build.0 = Release|Any CPU
		{B4110BEA-BC21-4677-94D2-4D57D8A33CBC}.Debug|Any CPU.ActiveCfg = Debug|Any CPU
		{B4110BEA-BC21-4677-94D2-4D57D8A33CBC}.Debug|Any CPU.Build.0 = Debug|Any CPU
		{B4110BEA-BC21-4677-94D2-4D57D8A33CBC}.Release|Any CPU.ActiveCfg = Release|Any CPU
		{B4110BEA-BC21-4677-94D2-4D57D8A33CBC}.Release|Any CPU.Build.0 = Release|Any CPU
		{8DA41594-39A7-464F-BE62-CBFC7A33AA77}.Debug|Any CPU.ActiveCfg = Debug|Any CPU
		{8DA41594-39A7-464F-BE62-CBFC7A33AA77}.Debug|Any CPU.Build.0 = Debug|Any CPU
		{8DA41594-39A7-464F-BE62-CBFC7A33AA77}.Release|Any CPU.ActiveCfg = Release|Any CPU
		{8DA41594-39A7-464F-BE62-CBFC7A33AA77}.Release|Any CPU.Build.0 = Release|Any CPU
		{0D22C396-5A8F-4459-8469-EBE4F65E1B62}.Debug|Any CPU.ActiveCfg = Debug|Any CPU
		{0D22C396-5A8F-4459-8469-EBE4F65E1B62}.Debug|Any CPU.Build.0 = Debug|Any CPU
		{0D22C396-5A8F-4459-8469-EBE4F65E1B62}.Release|Any CPU.ActiveCfg = Release|Any CPU
		{0D22C396-5A8F-4459-8469-EBE4F65E1B62}.Release|Any CPU.Build.0 = Release|Any CPU
	EndGlobalSection
	GlobalSection(SolutionProperties) = preSolution
		HideSolutionNode = FALSE
	EndGlobalSection
	GlobalSection(ExtensibilityGlobals) = postSolution
		SolutionGuid = {DE4AEA40-D256-4429-92BD-FBF20458E51A}
	EndGlobalSection
EndGlobal
